{
  "name": "web",
  "version": "1.0.0",
  "lockfileVersion": 3,
  "requires": true,
  "packages": {
    "": {
      "name": "web",
      "version": "1.0.0",
      "license": "ISC",
      "dependencies": {
        "@blizzhackers/d2data": "^3.2.92777",
        "@d2runewizard/d2s": "^2.0.132"
      }
    },
    "node_modules/@blizzhackers/d2data": {
      "version": "3.2.92777",
      "resolved": "https://registry.npmjs.org/@blizzhackers/d2data/-/d2data-3.2.92777.tgz",
      "integrity": "sha512-fibYHbJl5CS4wgrJf1seZ6fadghg+w7wm9v+fTt1oPz0sBCyIGs/d+MSmyUaF21KzpeZ3BXy4TRFxnJavpMeIg==",
      "license": "MIT"
    },
    "node_modules/@d2runewizard/d2s": {
      "version": "2.0.132",
      "resolved": "https://registry.npmjs.org/@d2runewizard/d2s/-/d2s-2.0.132.tgz",
      "integrity": "sha512-SqaJkFzUijL8ViAoshPZvf4pQIbX00dLkIADwulRr053bWHkoPvpmgHUVKlJhCz63H9lgig1OYdlVxz3LiYZLg==",
      "license": "ISC"
    }
  }
}
